// !$*UTF8*$!
{
	archiveVersion = 1;
	classes = {
	};
	objectVersion = 50;
	objects = {

/* Begin PBXBuildFile section */
		243EB05822530470003C525B /* ViewController.swift in Sources */ = {isa = PBXBuildFile; fileRef = 243EB05722530470003C525B /* ViewController.swift */; };
		243EB061225304A2003C525B /* Cuadruplos.swift in Sources */ = {isa = PBXBuildFile; fileRef = 243EB05A225304A2003C525B /* Cuadruplos.swift */; };
		243EB062225304A2003C525B /* Operadores.swift in Sources */ = {isa = PBXBuildFile; fileRef = 243EB05B225304A2003C525B /* Operadores.swift */; };
		243EB063225304A2003C525B /* MyBaseListener.swift in Sources */ = {isa = PBXBuildFile; fileRef = 243EB05C225304A2003C525B /* MyBaseListener.swift */; };
		243EB064225304A2003C525B /* Tipos.swift in Sources */ = {isa = PBXBuildFile; fileRef = 243EB05D225304A2003C525B /* Tipos.swift */; };
		243EB065225304A2003C525B /* Stack.swift in Sources */ = {isa = PBXBuildFile; fileRef = 243EB05E225304A2003C525B /* Stack.swift */; };
		243EB083225306F6003C525B /* Variables.swift in Sources */ = {isa = PBXBuildFile; fileRef = 243EB082225306F6003C525B /* Variables.swift */; };
		243EB09E22530845003C525B /* Heart.swift in Sources */ = {isa = PBXBuildFile; fileRef = 243EB09D22530845003C525B /* Heart.swift */; };
		246DE9D1222F6DA20007D4BE /* gitignore in Resources */ = {isa = PBXBuildFile; fileRef = 246DE9D0222F6DA20007D4BE /* gitignore */; };
		249C41222252FEBA0059CBE6 /* AppDelegate.swift in Sources */ = {isa = PBXBuildFile; fileRef = 249C41212252FEBA0059CBE6 /* AppDelegate.swift */; };
		24B0211A225C1CAC00DACB9F /* Funciones.swift in Sources */ = {isa = PBXBuildFile; fileRef = 24B02119225C1CAC00DACB9F /* Funciones.swift */; };
		24BDBD4A222E0B0B009FA75D /* Main.storyboard in Resources */ = {isa = PBXBuildFile; fileRef = 24BDBD48222E0B0B009FA75D /* Main.storyboard */; };
		24BDBD4C222E0B0C009FA75D /* Assets.xcassets in Resources */ = {isa = PBXBuildFile; fileRef = 24BDBD4B222E0B0C009FA75D /* Assets.xcassets */; };
		24BDBD4F222E0B0C009FA75D /* LaunchScreen.storyboard in Resources */ = {isa = PBXBuildFile; fileRef = 24BDBD4D222E0B0C009FA75D /* LaunchScreen.storyboard */; };
		24C19BE7225D7BAB00F77700 /* Memoria.swift in Sources */ = {isa = PBXBuildFile; fileRef = 24C19BE6225D7BAB00F77700 /* Memoria.swift */; };
		24C19C09225D878200F77700 /* PreciseV5.g4 in Resources */ = {isa = PBXBuildFile; fileRef = 24C19BFE225D878100F77700 /* PreciseV5.g4 */; };
		24C19C0A225D878200F77700 /* PreciseV5Lexer.interp in Resources */ = {isa = PBXBuildFile; fileRef = 24C19BFF225D878100F77700 /* PreciseV5Lexer.interp */; };
		24C19C0B225D878200F77700 /* PreciseV5Lexer.swift in Sources */ = {isa = PBXBuildFile; fileRef = 24C19C00225D878100F77700 /* PreciseV5Lexer.swift */; };
		24C19C0C225D878200F77700 /* PreciseV5.tokens in Resources */ = {isa = PBXBuildFile; fileRef = 24C19C01225D878100F77700 /* PreciseV5.tokens */; };
		24C19C0D225D878200F77700 /* PreciseV5Parser.swift in Sources */ = {isa = PBXBuildFile; fileRef = 24C19C02225D878100F77700 /* PreciseV5Parser.swift */; };
		24C19C0E225D878200F77700 /* PreciseV5Lexer.tokens in Resources */ = {isa = PBXBuildFile; fileRef = 24C19C03225D878100F77700 /* PreciseV5Lexer.tokens */; };
		24C19C0F225D878200F77700 /* PreciseV5.interp in Resources */ = {isa = PBXBuildFile; fileRef = 24C19C04225D878200F77700 /* PreciseV5.interp */; };
		24C19C10225D878200F77700 /* PreciseV5BaseListener.swift in Sources */ = {isa = PBXBuildFile; fileRef = 24C19C05225D878200F77700 /* PreciseV5BaseListener.swift */; };
		24C19C11225D878200F77700 /* PreciseV5Listener.swift in Sources */ = {isa = PBXBuildFile; fileRef = 24C19C06225D878200F77700 /* PreciseV5Listener.swift */; };
		24C19C12225D878200F77700 /* PreciseV5ParserATN.swift in Sources */ = {isa = PBXBuildFile; fileRef = 24C19C07225D878200F77700 /* PreciseV5ParserATN.swift */; };
		24C19C13225D878200F77700 /* PreciseV5LexerATN.swift in Sources */ = {isa = PBXBuildFile; fileRef = 24C19C08225D878200F77700 /* PreciseV5LexerATN.swift */; };
		24D0C582225321D200B14A59 /* Antlr4.framework in Frameworks */ = {isa = PBXBuildFile; fileRef = 243EB0A722531DFE003C525B /* Antlr4.framework */; };
		24DA92CC2252FD30000C9AE2 /* CuboSemantico.json in Resources */ = {isa = PBXBuildFile; fileRef = 24DA92CB2252FD30000C9AE2 /* CuboSemantico.json */; };
		537432E1D1784BD9854BE8C8 /* Pods_PreciseV5.framework in Frameworks */ = {isa = PBXBuildFile; fileRef = 9820FCBAF3B51927E1B2DC53 /* Pods_PreciseV5.framework */; };
/* End PBXBuildFile section */

/* Begin PBXContainerItemProxy section */
		243EB0A622531DFE003C525B /* PBXContainerItemProxy */ = {
			isa = PBXContainerItemProxy;
			containerPortal = 243EB09F22531DFE003C525B /* Antlr4.xcodeproj */;
			proxyType = 2;
			remoteGlobalIDString = "Antlr4::Antlr4::Product";
			remoteInfo = Antlr4;
		};
		243EB0A822531DFE003C525B /* PBXContainerItemProxy */ = {
			isa = PBXContainerItemProxy;
			containerPortal = 243EB09F22531DFE003C525B /* Antlr4.xcodeproj */;
			proxyType = 2;
			remoteGlobalIDString = "Antlr4::Antlr4Tests::Product";
			remoteInfo = Antlr4Tests;
		};
		24D0C580225321C300B14A59 /* PBXContainerItemProxy */ = {
			isa = PBXContainerItemProxy;
			containerPortal = 243EB09F22531DFE003C525B /* Antlr4.xcodeproj */;
			proxyType = 1;
			remoteGlobalIDString = "Antlr4::Antlr4";
			remoteInfo = Antlr4;
		};
/* End PBXContainerItemProxy section */

/* Begin PBXFileReference section */
		0546606411991CF3CEA3D465 /* Pods-PreciseV5.release.xcconfig */ = {isa = PBXFileReference; includeInIndex = 1; lastKnownFileType = text.xcconfig; name = "Pods-PreciseV5.release.xcconfig"; path = "Target Support Files/Pods-PreciseV5/Pods-PreciseV5.release.xcconfig"; sourceTree = "<group>"; };
		243EB05722530470003C525B /* ViewController.swift */ = {isa = PBXFileReference; fileEncoding = 4; lastKnownFileType = sourcecode.swift; path = ViewController.swift; sourceTree = "<group>"; };
		243EB05A225304A2003C525B /* Cuadruplos.swift */ = {isa = PBXFileReference; fileEncoding = 4; lastKnownFileType = sourcecode.swift; path = Cuadruplos.swift; sourceTree = "<group>"; };
		243EB05B225304A2003C525B /* Operadores.swift */ = {isa = PBXFileReference; fileEncoding = 4; lastKnownFileType = sourcecode.swift; path = Operadores.swift; sourceTree = "<group>"; };
		243EB05C225304A2003C525B /* MyBaseListener.swift */ = {isa = PBXFileReference; fileEncoding = 4; lastKnownFileType = sourcecode.swift; path = MyBaseListener.swift; sourceTree = "<group>"; };
		243EB05D225304A2003C525B /* Tipos.swift */ = {isa = PBXFileReference; fileEncoding = 4; lastKnownFileType = sourcecode.swift; path = Tipos.swift; sourceTree = "<group>"; };
		243EB05E225304A2003C525B /* Stack.swift */ = {isa = PBXFileReference; fileEncoding = 4; lastKnownFileType = sourcecode.swift; path = Stack.swift; sourceTree = "<group>"; };
		243EB082225306F6003C525B /* Variables.swift */ = {isa = PBXFileReference; lastKnownFileType = sourcecode.swift; path = Variables.swift; sourceTree = "<group>"; };
		243EB09D22530845003C525B /* Heart.swift */ = {isa = PBXFileReference; lastKnownFileType = sourcecode.swift; path = Heart.swift; sourceTree = "<group>"; };
		243EB09F22531DFE003C525B /* Antlr4.xcodeproj */ = {isa = PBXFileReference; lastKnownFileType = "wrapper.pb-project"; name = Antlr4.xcodeproj; path = "../../../../../../../../Library/Containers/com.apple.mail/Data/Library/Mail Downloads/F7B3B566-8328-4CAD-9D58-268CCAE24FC1/Swift/Antlr4.xcodeproj"; sourceTree = "<group>"; };
		246DE9D0222F6DA20007D4BE /* gitignore */ = {isa = PBXFileReference; fileEncoding = 4; lastKnownFileType = text; path = gitignore; sourceTree = "<group>"; };
		249C41212252FEBA0059CBE6 /* AppDelegate.swift */ = {isa = PBXFileReference; lastKnownFileType = sourcecode.swift; path = AppDelegate.swift; sourceTree = "<group>"; };
		24B02119225C1CAC00DACB9F /* Funciones.swift */ = {isa = PBXFileReference; lastKnownFileType = sourcecode.swift; path = Funciones.swift; sourceTree = "<group>"; };
		24BDBD41222E0B0B009FA75D /* PreciseV5.app */ = {isa = PBXFileReference; explicitFileType = wrapper.application; includeInIndex = 0; path = PreciseV5.app; sourceTree = BUILT_PRODUCTS_DIR; };
		24BDBD49222E0B0B009FA75D /* Base */ = {isa = PBXFileReference; lastKnownFileType = file.storyboard; name = Base; path = Base.lproj/Main.storyboard; sourceTree = "<group>"; };
		24BDBD4B222E0B0C009FA75D /* Assets.xcassets */ = {isa = PBXFileReference; lastKnownFileType = folder.assetcatalog; path = Assets.xcassets; sourceTree = "<group>"; };
		24BDBD4E222E0B0C009FA75D /* Base */ = {isa = PBXFileReference; lastKnownFileType = file.storyboard; name = Base; path = Base.lproj/LaunchScreen.storyboard; sourceTree = "<group>"; };
		24BDBD50222E0B0C009FA75D /* Info.plist */ = {isa = PBXFileReference; lastKnownFileType = text.plist.xml; path = Info.plist; sourceTree = "<group>"; };
		24C19BE6225D7BAB00F77700 /* Memoria.swift */ = {isa = PBXFileReference; lastKnownFileType = sourcecode.swift; path = Memoria.swift; sourceTree = "<group>"; };
		24C19BFE225D878100F77700 /* PreciseV5.g4 */ = {isa = PBXFileReference; fileEncoding = 4; lastKnownFileType = text; name = PreciseV5.g4; path = ../../../../Grammar/PreciseV5.g4; sourceTree = "<group>"; };
		24C19BFF225D878100F77700 /* PreciseV5Lexer.interp */ = {isa = PBXFileReference; fileEncoding = 4; lastKnownFileType = text; name = PreciseV5Lexer.interp; path = ../../../../Grammar/PreciseV5Lexer.interp; sourceTree = "<group>"; };
		24C19C00225D878100F77700 /* PreciseV5Lexer.swift */ = {isa = PBXFileReference; fileEncoding = 4; lastKnownFileType = sourcecode.swift; name = PreciseV5Lexer.swift; path = ../../../../Grammar/PreciseV5Lexer.swift; sourceTree = "<group>"; };
		24C19C01225D878100F77700 /* PreciseV5.tokens */ = {isa = PBXFileReference; fileEncoding = 4; lastKnownFileType = text; name = PreciseV5.tokens; path = ../../../../Grammar/PreciseV5.tokens; sourceTree = "<group>"; };
		24C19C02225D878100F77700 /* PreciseV5Parser.swift */ = {isa = PBXFileReference; fileEncoding = 4; lastKnownFileType = sourcecode.swift; name = PreciseV5Parser.swift; path = ../../../../Grammar/PreciseV5Parser.swift; sourceTree = "<group>"; };
		24C19C03225D878100F77700 /* PreciseV5Lexer.tokens */ = {isa = PBXFileReference; fileEncoding = 4; lastKnownFileType = text; name = PreciseV5Lexer.tokens; path = ../../../../Grammar/PreciseV5Lexer.tokens; sourceTree = "<group>"; };
		24C19C04225D878200F77700 /* PreciseV5.interp */ = {isa = PBXFileReference; fileEncoding = 4; lastKnownFileType = text; name = PreciseV5.interp; path = ../../../../Grammar/PreciseV5.interp; sourceTree = "<group>"; };
		24C19C05225D878200F77700 /* PreciseV5BaseListener.swift */ = {isa = PBXFileReference; fileEncoding = 4; lastKnownFileType = sourcecode.swift; name = PreciseV5BaseListener.swift; path = ../../../../Grammar/PreciseV5BaseListener.swift; sourceTree = "<group>"; };
		24C19C06225D878200F77700 /* PreciseV5Listener.swift */ = {isa = PBXFileReference; fileEncoding = 4; lastKnownFileType = sourcecode.swift; name = PreciseV5Listener.swift; path = ../../../../Grammar/PreciseV5Listener.swift; sourceTree = "<group>"; };
		24C19C07225D878200F77700 /* PreciseV5ParserATN.swift */ = {isa = PBXFileReference; fileEncoding = 4; lastKnownFileType = sourcecode.swift; name = PreciseV5ParserATN.swift; path = ../../../../Grammar/PreciseV5ParserATN.swift; sourceTree = "<group>"; };
		24C19C08225D878200F77700 /* PreciseV5LexerATN.swift */ = {isa = PBXFileReference; fileEncoding = 4; lastKnownFileType = sourcecode.swift; name = PreciseV5LexerATN.swift; path = ../../../../Grammar/PreciseV5LexerATN.swift; sourceTree = "<group>"; };
		24DA92CB2252FD30000C9AE2 /* CuboSemantico.json */ = {isa = PBXFileReference; fileEncoding = 4; lastKnownFileType = text.json; path = CuboSemantico.json; sourceTree = "<group>"; };
		5FB3D93D3BAD7DC51D30B59F /* Pods-PreciseV5.debug.xcconfig */ = {isa = PBXFileReference; includeInIndex = 1; lastKnownFileType = text.xcconfig; name = "Pods-PreciseV5.debug.xcconfig"; path = "Target Support Files/Pods-PreciseV5/Pods-PreciseV5.debug.xcconfig"; sourceTree = "<group>"; };
		9820FCBAF3B51927E1B2DC53 /* Pods_PreciseV5.framework */ = {isa = PBXFileReference; explicitFileType = wrapper.framework; includeInIndex = 0; path = Pods_PreciseV5.framework; sourceTree = BUILT_PRODUCTS_DIR; };
/* End PBXFileReference section */

/* Begin PBXFrameworksBuildPhase section */
		24BDBD3E222E0B0B009FA75D /* Frameworks */ = {
			isa = PBXFrameworksBuildPhase;
			buildActionMask = 2147483647;
			files = (
				24D0C582225321D200B14A59 /* Antlr4.framework in Frameworks */,
				537432E1D1784BD9854BE8C8 /* Pods_PreciseV5.framework in Frameworks */,
			);
			runOnlyForDeploymentPostprocessing = 0;
		};
/* End PBXFrameworksBuildPhase section */

/* Begin PBXGroup section */
		243EB0552253043B003C525B /* App */ = {
			isa = PBXGroup;
			children = (
				243EB05722530470003C525B /* ViewController.swift */,
				249C41212252FEBA0059CBE6 /* AppDelegate.swift */,
			);
			path = App;
			sourceTree = "<group>";
		};
		243EB05922530493003C525B /* Compiler */ = {
			isa = PBXGroup;
			children = (
				243EB086225307E5003C525B /* Grammar */,
				243EB05A225304A2003C525B /* Cuadruplos.swift */,
				24B02119225C1CAC00DACB9F /* Funciones.swift */,
				243EB05C225304A2003C525B /* MyBaseListener.swift */,
				243EB05B225304A2003C525B /* Operadores.swift */,
				243EB05E225304A2003C525B /* Stack.swift */,
				243EB05D225304A2003C525B /* Tipos.swift */,
				243EB09D22530845003C525B /* Heart.swift */,
				243EB082225306F6003C525B /* Variables.swift */,
				24C19BE6225D7BAB00F77700 /* Memoria.swift */,
			);
			path = Compiler;
			sourceTree = "<group>";
		};
		243EB068225304B6003C525B /* Sources */ = {
			isa = PBXGroup;
			children = (
				24DA92CB2252FD30000C9AE2 /* CuboSemantico.json */,
			);
			path = Sources;
			sourceTree = "<group>";
		};
		243EB086225307E5003C525B /* Grammar */ = {
			isa = PBXGroup;
			children = (
				24C19BFE225D878100F77700 /* PreciseV5.g4 */,
				24C19C04225D878200F77700 /* PreciseV5.interp */,
				24C19C01225D878100F77700 /* PreciseV5.tokens */,
				24C19C05225D878200F77700 /* PreciseV5BaseListener.swift */,
				24C19BFF225D878100F77700 /* PreciseV5Lexer.interp */,
				24C19C00225D878100F77700 /* PreciseV5Lexer.swift */,
				24C19C03225D878100F77700 /* PreciseV5Lexer.tokens */,
				24C19C08225D878200F77700 /* PreciseV5LexerATN.swift */,
				24C19C06225D878200F77700 /* PreciseV5Listener.swift */,
				24C19C02225D878100F77700 /* PreciseV5Parser.swift */,
				24C19C07225D878200F77700 /* PreciseV5ParserATN.swift */,
			);
			path = Grammar;
			sourceTree = "<group>";
		};
		243EB0A022531DFE003C525B /* Products */ = {
			isa = PBXGroup;
			children = (
				243EB0A722531DFE003C525B /* Antlr4.framework */,
				243EB0A922531DFE003C525B /* Antlr4Tests.xctest */,
			);
			name = Products;
			sourceTree = "<group>";
		};
		24BDBD38222E0B0B009FA75D = {
			isa = PBXGroup;
			children = (
				243EB09F22531DFE003C525B /* Antlr4.xcodeproj */,
				246DE9D0222F6DA20007D4BE /* gitignore */,
				24BDBD43222E0B0B009FA75D /* PreciseV5 */,
				24BDBD42222E0B0B009FA75D /* Products */,
				5709BAD82B5283D565537E3A /* Pods */,
				E9E64DA22067B3E6097D6963 /* Frameworks */,
			);
			sourceTree = "<group>";
		};
		24BDBD42222E0B0B009FA75D /* Products */ = {
			isa = PBXGroup;
			children = (
				24BDBD41222E0B0B009FA75D /* PreciseV5.app */,
			);
			name = Products;
			sourceTree = "<group>";
		};
		24BDBD43222E0B0B009FA75D /* PreciseV5 */ = {
			isa = PBXGroup;
			children = (
				243EB068225304B6003C525B /* Sources */,
				243EB05922530493003C525B /* Compiler */,
				243EB0552253043B003C525B /* App */,
				24BDBD48222E0B0B009FA75D /* Main.storyboard */,
				24BDBD4B222E0B0C009FA75D /* Assets.xcassets */,
				24BDBD4D222E0B0C009FA75D /* LaunchScreen.storyboard */,
				24BDBD50222E0B0C009FA75D /* Info.plist */,
			);
			path = PreciseV5;
			sourceTree = "<group>";
		};
		5709BAD82B5283D565537E3A /* Pods */ = {
			isa = PBXGroup;
			children = (
				5FB3D93D3BAD7DC51D30B59F /* Pods-PreciseV5.debug.xcconfig */,
				0546606411991CF3CEA3D465 /* Pods-PreciseV5.release.xcconfig */,
			);
			path = Pods;
			sourceTree = "<group>";
		};
		E9E64DA22067B3E6097D6963 /* Frameworks */ = {
			isa = PBXGroup;
			children = (
				9820FCBAF3B51927E1B2DC53 /* Pods_PreciseV5.framework */,
			);
			name = Frameworks;
			sourceTree = "<group>";
		};
/* End PBXGroup section */

/* Begin PBXNativeTarget section */
		24BDBD40222E0B0B009FA75D /* PreciseV5 */ = {
			isa = PBXNativeTarget;
			buildConfigurationList = 24BDBD53222E0B0C009FA75D /* Build configuration list for PBXNativeTarget "PreciseV5" */;
			buildPhases = (
				5F59DE8413CCCBFD65A7919C /* [CP] Check Pods Manifest.lock */,
				24BDBD3D222E0B0B009FA75D /* Sources */,
				24BDBD3E222E0B0B009FA75D /* Frameworks */,
				24BDBD3F222E0B0B009FA75D /* Resources */,
				7117B77E237D7C016F5DDFA6 /* [CP] Embed Pods Frameworks */,
			);
			buildRules = (
			);
			dependencies = (
				24D0C581225321C300B14A59 /* PBXTargetDependency */,
			);
			name = PreciseV5;
			productName = PreciseV5;
			productReference = 24BDBD41222E0B0B009FA75D /* PreciseV5.app */;
			productType = "com.apple.product-type.application";
		};
/* End PBXNativeTarget section */

/* Begin PBXProject section */
		24BDBD39222E0B0B009FA75D /* Project object */ = {
			isa = PBXProject;
			attributes = {
				LastSwiftUpdateCheck = 1010;
				LastUpgradeCheck = 1010;
				ORGANIZATIONNAME = "Miguel Bazán";
				TargetAttributes = {
					24BDBD40222E0B0B009FA75D = {
						CreatedOnToolsVersion = 10.1;
						LastSwiftMigration = 1020;
					};
				};
			};
			buildConfigurationList = 24BDBD3C222E0B0B009FA75D /* Build configuration list for PBXProject "PreciseV5" */;
			compatibilityVersion = "Xcode 9.3";
			developmentRegion = en;
			hasScannedForEncodings = 0;
			knownRegions = (
				en,
				Base,
			);
			mainGroup = 24BDBD38222E0B0B009FA75D;
			productRefGroup = 24BDBD42222E0B0B009FA75D /* Products */;
			projectDirPath = "";
			projectReferences = (
				{
					ProductGroup = 243EB0A022531DFE003C525B /* Products */;
					ProjectRef = 243EB09F22531DFE003C525B /* Antlr4.xcodeproj */;
				},
			);
			projectRoot = "";
			targets = (
				24BDBD40222E0B0B009FA75D /* PreciseV5 */,
			);
		};
/* End PBXProject section */

/* Begin PBXReferenceProxy section */
		243EB0A722531DFE003C525B /* Antlr4.framework */ = {
			isa = PBXReferenceProxy;
			fileType = wrapper.framework;
			path = Antlr4.framework;
			remoteRef = 243EB0A622531DFE003C525B /* PBXContainerItemProxy */;
			sourceTree = BUILT_PRODUCTS_DIR;
		};
		243EB0A922531DFE003C525B /* Antlr4Tests.xctest */ = {
			isa = PBXReferenceProxy;
			fileType = file;
			path = Antlr4Tests.xctest;
			remoteRef = 243EB0A822531DFE003C525B /* PBXContainerItemProxy */;
			sourceTree = BUILT_PRODUCTS_DIR;
		};
/* End PBXReferenceProxy section */

/* Begin PBXResourcesBuildPhase section */
		24BDBD3F222E0B0B009FA75D /* Resources */ = {
			isa = PBXResourcesBuildPhase;
			buildActionMask = 2147483647;
			files = (
				24C19C09225D878200F77700 /* PreciseV5.g4 in Resources */,
				24C19C0E225D878200F77700 /* PreciseV5Lexer.tokens in Resources */,
				24BDBD4F222E0B0C009FA75D /* LaunchScreen.storyboard in Resources */,
				24BDBD4C222E0B0C009FA75D /* Assets.xcassets in Resources */,
				24DA92CC2252FD30000C9AE2 /* CuboSemantico.json in Resources */,
				24BDBD4A222E0B0B009FA75D /* Main.storyboard in Resources */,
				246DE9D1222F6DA20007D4BE /* gitignore in Resources */,
				24C19C0F225D878200F77700 /* PreciseV5.interp in Resources */,
				24C19C0C225D878200F77700 /* PreciseV5.tokens in Resources */,
				24C19C0A225D878200F77700 /* PreciseV5Lexer.interp in Resources */,
			);
			runOnlyForDeploymentPostprocessing = 0;
		};
/* End PBXResourcesBuildPhase section */

/* Begin PBXShellScriptBuildPhase section */
		5F59DE8413CCCBFD65A7919C /* [CP] Check Pods Manifest.lock */ = {
			isa = PBXShellScriptBuildPhase;
			buildActionMask = 2147483647;
			files = (
			);
			inputFileListPaths = (
			);
			inputPaths = (
				"${PODS_PODFILE_DIR_PATH}/Podfile.lock",
				"${PODS_ROOT}/Manifest.lock",
			);
			name = "[CP] Check Pods Manifest.lock";
			outputFileListPaths = (
			);
			outputPaths = (
				"$(DERIVED_FILE_DIR)/Pods-PreciseV5-checkManifestLockResult.txt",
			);
			runOnlyForDeploymentPostprocessing = 0;
			shellPath = /bin/sh;
			shellScript = "diff \"${PODS_PODFILE_DIR_PATH}/Podfile.lock\" \"${PODS_ROOT}/Manifest.lock\" > /dev/null\nif [ $? != 0 ] ; then\n    # print error to STDERR\n    echo \"error: The sandbox is not in sync with the Podfile.lock. Run 'pod install' or update your CocoaPods installation.\" >&2\n    exit 1\nfi\n# This output is used by Xcode 'outputs' to avoid re-running this script phase.\necho \"SUCCESS\" > \"${SCRIPT_OUTPUT_FILE_0}\"\n";
			showEnvVarsInLog = 0;
		};
		7117B77E237D7C016F5DDFA6 /* [CP] Embed Pods Frameworks */ = {
			isa = PBXShellScriptBuildPhase;
			buildActionMask = 2147483647;
			files = (
			);
			inputFileListPaths = (
			);
			inputPaths = (
				"${PODS_ROOT}/Target Support Files/Pods-PreciseV5/Pods-PreciseV5-frameworks.sh",
				"${BUILT_PRODUCTS_DIR}/SwiftyJSON/SwiftyJSON.framework",
			);
			name = "[CP] Embed Pods Frameworks";
			outputFileListPaths = (
			);
			outputPaths = (
				"${TARGET_BUILD_DIR}/${FRAMEWORKS_FOLDER_PATH}/SwiftyJSON.framework",
			);
			runOnlyForDeploymentPostprocessing = 0;
			shellPath = /bin/sh;
			shellScript = "\"${PODS_ROOT}/Target Support Files/Pods-PreciseV5/Pods-PreciseV5-frameworks.sh\"\n";
			showEnvVarsInLog = 0;
		};
/* End PBXShellScriptBuildPhase section */

/* Begin PBXSourcesBuildPhase section */
		24BDBD3D222E0B0B009FA75D /* Sources */ = {
			isa = PBXSourcesBuildPhase;
			buildActionMask = 2147483647;
			files = (
				243EB05822530470003C525B /* ViewController.swift in Sources */,
				24C19BE7225D7BAB00F77700 /* Memoria.swift in Sources */,
				243EB083225306F6003C525B /* Variables.swift in Sources */,
				24B0211A225C1CAC00DACB9F /* Funciones.swift in Sources */,
				243EB063225304A2003C525B /* MyBaseListener.swift in Sources */,
				24C19C13225D878200F77700 /* PreciseV5LexerATN.swift in Sources */,
				243EB065225304A2003C525B /* Stack.swift in Sources */,
				24C19C11225D878200F77700 /* PreciseV5Listener.swift in Sources */,
				249C41222252FEBA0059CBE6 /* AppDelegate.swift in Sources */,
				243EB061225304A2003C525B /* Cuadruplos.swift in Sources */,
				24C19C0D225D878200F77700 /* PreciseV5Parser.swift in Sources */,
				243EB09E22530845003C525B /* Heart.swift in Sources */,
				24C19C10225D878200F77700 /* PreciseV5BaseListener.swift in Sources */,
				24C19C0B225D878200F77700 /* PreciseV5Lexer.swift in Sources */,
				24C19C12225D878200F77700 /* PreciseV5ParserATN.swift in Sources */,
				243EB062225304A2003C525B /* Operadores.swift in Sources */,
				243EB064225304A2003C525B /* Tipos.swift in Sources */,
			);
			runOnlyForDeploymentPostprocessing = 0;
		};
/* End PBXSourcesBuildPhase section */

/* Begin PBXTargetDependency section */
		24D0C581225321C300B14A59 /* PBXTargetDependency */ = {
			isa = PBXTargetDependency;
			name = Antlr4;
			targetProxy = 24D0C580225321C300B14A59 /* PBXContainerItemProxy */;
		};
/* End PBXTargetDependency section */

/* Begin PBXVariantGroup section */
		24BDBD48222E0B0B009FA75D /* Main.storyboard */ = {
			isa = PBXVariantGroup;
			children = (
				24BDBD49222E0B0B009FA75D /* Base */,
			);
			name = Main.storyboard;
			sourceTree = "<group>";
		};
		24BDBD4D222E0B0C009FA75D /* LaunchScreen.storyboard */ = {
			isa = PBXVariantGroup;
			children = (
				24BDBD4E222E0B0C009FA75D /* Base */,
			);
			name = LaunchScreen.storyboard;
			sourceTree = "<group>";
		};
/* End PBXVariantGroup section */

/* Begin XCBuildConfiguration section */
		24BDBD51222E0B0C009FA75D /* Debug */ = {
			isa = XCBuildConfiguration;
			buildSettings = {
				ALWAYS_SEARCH_USER_PATHS = NO;
				CLANG_ANALYZER_NONNULL = YES;
				CLANG_ANALYZER_NUMBER_OBJECT_CONVERSION = YES_AGGRESSIVE;
				CLANG_CXX_LANGUAGE_STANDARD = "gnu++14";
				CLANG_CXX_LIBRARY = "libc++";
				CLANG_ENABLE_MODULES = YES;
				CLANG_ENABLE_OBJC_ARC = YES;
				CLANG_ENABLE_OBJC_WEAK = YES;
				CLANG_WARN_BLOCK_CAPTURE_AUTORELEASING = YES;
				CLANG_WARN_BOOL_CONVERSION = YES;
				CLANG_WARN_COMMA = YES;
				CLANG_WARN_CONSTANT_CONVERSION = YES;
				CLANG_WARN_DEPRECATED_OBJC_IMPLEMENTATIONS = YES;
				CLANG_WARN_DIRECT_OBJC_ISA_USAGE = YES_ERROR;
				CLANG_WARN_DOCUMENTATION_COMMENTS = YES;
				CLANG_WARN_EMPTY_BODY = YES;
				CLANG_WARN_ENUM_CONVERSION = YES;
				CLANG_WARN_INFINITE_RECURSION = YES;
				CLANG_WARN_INT_CONVERSION = YES;
				CLANG_WARN_NON_LITERAL_NULL_CONVERSION = YES;
				CLANG_WARN_OBJC_IMPLICIT_RETAIN_SELF = YES;
				CLANG_WARN_OBJC_LITERAL_CONVERSION = YES;
				CLANG_WARN_OBJC_ROOT_CLASS = YES_ERROR;
				CLANG_WARN_RANGE_LOOP_ANALYSIS = YES;
				CLANG_WARN_STRICT_PROTOTYPES = YES;
				CLANG_WARN_SUSPICIOUS_MOVE = YES;
				CLANG_WARN_UNGUARDED_AVAILABILITY = YES_AGGRESSIVE;
				CLANG_WARN_UNREACHABLE_CODE = YES;
				CLANG_WARN__DUPLICATE_METHOD_MATCH = YES;
				CODE_SIGN_IDENTITY = "iPhone Developer";
				COPY_PHASE_STRIP = NO;
				DEBUG_INFORMATION_FORMAT = dwarf;
				ENABLE_STRICT_OBJC_MSGSEND = YES;
				ENABLE_TESTABILITY = YES;
				GCC_C_LANGUAGE_STANDARD = gnu11;
				GCC_DYNAMIC_NO_PIC = NO;
				GCC_NO_COMMON_BLOCKS = YES;
				GCC_OPTIMIZATION_LEVEL = 0;
				GCC_PREPROCESSOR_DEFINITIONS = (
					"DEBUG=1",
					"$(inherited)",
				);
				GCC_WARN_64_TO_32_BIT_CONVERSION = YES;
				GCC_WARN_ABOUT_RETURN_TYPE = YES_ERROR;
				GCC_WARN_UNDECLARED_SELECTOR = YES;
				GCC_WARN_UNINITIALIZED_AUTOS = YES_AGGRESSIVE;
				GCC_WARN_UNUSED_FUNCTION = YES;
				GCC_WARN_UNUSED_VARIABLE = YES;
				IPHONEOS_DEPLOYMENT_TARGET = 12.1;
				MTL_ENABLE_DEBUG_INFO = INCLUDE_SOURCE;
				MTL_FAST_MATH = YES;
				ONLY_ACTIVE_ARCH = YES;
				SDKROOT = iphoneos;
				SWIFT_ACTIVE_COMPILATION_CONDITIONS = DEBUG;
				SWIFT_OPTIMIZATION_LEVEL = "-Onone";
			};
			name = Debug;
		};
		24BDBD52222E0B0C009FA75D /* Release */ = {
			isa = XCBuildConfiguration;
			buildSettings = {
				ALWAYS_SEARCH_USER_PATHS = NO;
				CLANG_ANALYZER_NONNULL = YES;
				CLANG_ANALYZER_NUMBER_OBJECT_CONVERSION = YES_AGGRESSIVE;
				CLANG_CXX_LANGUAGE_STANDARD = "gnu++14";
				CLANG_CXX_LIBRARY = "libc++";
				CLANG_ENABLE_MODULES = YES;
				CLANG_ENABLE_OBJC_ARC = YES;
				CLANG_ENABLE_OBJC_WEAK = YES;
				CLANG_WARN_BLOCK_CAPTURE_AUTORELEASING = YES;
				CLANG_WARN_BOOL_CONVERSION = YES;
				CLANG_WARN_COMMA = YES;
				CLANG_WARN_CONSTANT_CONVERSION = YES;
				CLANG_WARN_DEPRECATED_OBJC_IMPLEMENTATIONS = YES;
				CLANG_WARN_DIRECT_OBJC_ISA_USAGE = YES_ERROR;
				CLANG_WARN_DOCUMENTATION_COMMENTS = YES;
				CLANG_WARN_EMPTY_BODY = YES;
				CLANG_WARN_ENUM_CONVERSION = YES;
				CLANG_WARN_INFINITE_RECURSION = YES;
				CLANG_WARN_INT_CONVERSION = YES;
				CLANG_WARN_NON_LITERAL_NULL_CONVERSION = YES;
				CLANG_WARN_OBJC_IMPLICIT_RETAIN_SELF = YES;
				CLANG_WARN_OBJC_LITERAL_CONVERSION = YES;
				CLANG_WARN_OBJC_ROOT_CLASS = YES_ERROR;
				CLANG_WARN_RANGE_LOOP_ANALYSIS = YES;
				CLANG_WARN_STRICT_PROTOTYPES = YES;
				CLANG_WARN_SUSPICIOUS_MOVE = YES;
				CLANG_WARN_UNGUARDED_AVAILABILITY = YES_AGGRESSIVE;
				CLANG_WARN_UNREACHABLE_CODE = YES;
				CLANG_WARN__DUPLICATE_METHOD_MATCH = YES;
				CODE_SIGN_IDENTITY = "iPhone Developer";
				COPY_PHASE_STRIP = NO;
				DEBUG_INFORMATION_FORMAT = "dwarf-with-dsym";
				ENABLE_NS_ASSERTIONS = NO;
				ENABLE_STRICT_OBJC_MSGSEND = YES;
				GCC_C_LANGUAGE_STANDARD = gnu11;
				GCC_NO_COMMON_BLOCKS = YES;
				GCC_WARN_64_TO_32_BIT_CONVERSION = YES;
				GCC_WARN_ABOUT_RETURN_TYPE = YES_ERROR;
				GCC_WARN_UNDECLARED_SELECTOR = YES;
				GCC_WARN_UNINITIALIZED_AUTOS = YES_AGGRESSIVE;
				GCC_WARN_UNUSED_FUNCTION = YES;
				GCC_WARN_UNUSED_VARIABLE = YES;
				IPHONEOS_DEPLOYMENT_TARGET = 12.1;
				MTL_ENABLE_DEBUG_INFO = NO;
				MTL_FAST_MATH = YES;
				SDKROOT = iphoneos;
				SWIFT_COMPILATION_MODE = wholemodule;
				SWIFT_OPTIMIZATION_LEVEL = "-O";
				VALIDATE_PRODUCT = YES;
			};
			name = Release;
		};
		24BDBD54222E0B0C009FA75D /* Debug */ = {
			isa = XCBuildConfiguration;
			baseConfigurationReference = 5FB3D93D3BAD7DC51D30B59F /* Pods-PreciseV5.debug.xcconfig */;
			buildSettings = {
				ASSETCATALOG_COMPILER_APPICON_NAME = AppIcon;
				CODE_SIGN_STYLE = Automatic;
				DEVELOPMENT_TEAM = N67E6A6LEZ;
				INFOPLIST_FILE = PreciseV5/Info.plist;
				IPHONEOS_DEPLOYMENT_TARGET = 12.2;
				LD_RUNPATH_SEARCH_PATHS = (
					"$(inherited)",
					"@executable_path/Frameworks",
				);
				PRODUCT_BUNDLE_IDENTIFIER = miguelbazan.PreciseV5;
				PRODUCT_NAME = "$(TARGET_NAME)";
				SWIFT_VERSION = 4.2;
				TARGETED_DEVICE_FAMILY = "1,2";
			};
			name = Debug;
		};
		24BDBD55222E0B0C009FA75D /* Release */ = {
			isa = XCBuildConfiguration;
			baseConfigurationReference = 0546606411991CF3CEA3D465 /* Pods-PreciseV5.release.xcconfig */;
			buildSettings = {
				ASSETCATALOG_COMPILER_APPICON_NAME = AppIcon;
				CODE_SIGN_STYLE = Automatic;
				DEVELOPMENT_TEAM = N67E6A6LEZ;
				INFOPLIST_FILE = PreciseV5/Info.plist;
				IPHONEOS_DEPLOYMENT_TARGET = 12.2;
				LD_RUNPATH_SEARCH_PATHS = (
					"$(inherited)",
					"@executable_path/Frameworks",
				);
				PRODUCT_BUNDLE_IDENTIFIER = miguelbazan.PreciseV5;
				PRODUCT_NAME = "$(TARGET_NAME)";
				SWIFT_VERSION = 4.2;
				TARGETED_DEVICE_FAMILY = "1,2";
			};
			name = Release;
		};
/* End XCBuildConfiguration section */

/* Begin XCConfigurationList section */
		24BDBD3C222E0B0B009FA75D /* Build configuration list for PBXProject "PreciseV5" */ = {
			isa = XCConfigurationList;
			buildConfigurations = (
				24BDBD51222E0B0C009FA75D /* Debug */,
				24BDBD52222E0B0C009FA75D /* Release */,
			);
			defaultConfigurationIsVisible = 0;
			defaultConfigurationName = Release;
		};
		24BDBD53222E0B0C009FA75D /* Build configuration list for PBXNativeTarget "PreciseV5" */ = {
			isa = XCConfigurationList;
			buildConfigurations = (
				24BDBD54222E0B0C009FA75D /* Debug */,
				24BDBD55222E0B0C009FA75D /* Release */,
			);
			defaultConfigurationIsVisible = 0;
			defaultConfigurationName = Release;
		};
/* End XCConfigurationList section */
	};
	rootObject = 24BDBD39222E0B0B009FA75D /* Project object */;
}
